
Microsoft Visual Studio Solution File, Format Version 12.00
# Visual Studio Version 17
VisualStudioVersion = 17.5.33530.505
MinimumVisualStudioVersion = 10.0.40219.1
Project("{FAE04EC0-301F-11D3-BF4B-00C04F79EFBC}") = "Quez_EX", "Quez_EX\Quez_EX.csproj", "{0DF3477D-E5BD-4EC8-92D6-37F464E11C1B}"
EndProject
Global
	GlobalSection(SolutionConfigurationPlatforms) = preSolution
		Debug|Any CPU = Debug|Any CPU
		Release|Any CPU = Release|Any CPU
	EndGlobalSection
	GlobalSection(ProjectConfigurationPlatforms) = postSolution
		{0DF3477D-E5BD-4EC8-92D6-37F464E11C1B}.Debug|Any CPU.ActiveCfg = Debug|Any CPU
		{0DF3477D-E5BD-4EC8-92D6-37F464E11C1B}.Debug|Any CPU.Build.0 = Debug|Any CPU
		{0DF3477D-E5BD-4EC8-92D6-37F464E11C1B}.Release|Any CPU.ActiveCfg = Release|Any CPU
		{0DF3477D-E5BD-4EC8-92D6-37F464E11C1B}.Release|Any CPU.Build.0 = Release|Any CPU
	EndGlobalSection
	GlobalSection(SolutionProperties) = preSolution
		HideSolutionNode = FALSE
	EndGlobalSection
	GlobalSection(ExtensibilityGlobals) = postSolution
		SolutionGuid = {9F92E32F-5EF1-4F97-A908-5B7C6348C0C8}
	EndGlobalSection
EndGlobal
